dependencies:
- name: infisical-standalone
  repository: https://dl.cloudsmith.io/public/infisical/helm-charts/helm/charts/
  version: 1.7.2
- name: postgresql
  repository: https://charts.bitnami.com/bitnami
  version: 18.2.3
- name: redis
  repository: https://charts.bitnami.com/bitnami
  version: 25.3.0
digest: sha256:c96679579f01ad099656ebcc7423c87c0555ed25ff51d856f7fa7f8d0ac4fa76
generated: "2026-02-19T17:58:27.482771973Z"
