dependencies:
- name: infisical-standalone
  repository: https://dl.cloudsmith.io/public/infisical/helm-charts/helm/charts/
  version: 1.7.2
- name: postgresql
  repository: https://charts.bitnami.com/bitnami
  version: 18.5.1
- name: redis
  repository: https://charts.bitnami.com/bitnami
  version: 25.3.2
digest: sha256:b8eb9c095e9d6adce05c9cc45043e013f2d1f8f209d47ebc1850a19e2a833b6e
generated: "2026-02-26T02:09:41.480232334Z"
