dependencies:
- name: infisical-standalone
  repository: https://dl.cloudsmith.io/public/infisical/helm-charts/helm/charts/
  version: 1.7.2
- name: postgresql
  repository: https://charts.bitnami.com/bitnami
  version: 18.4.1
- name: redis
  repository: https://charts.bitnami.com/bitnami
  version: 25.3.2
digest: sha256:9253b5d93fd988883883efc9bd46969278fdb0b71892bde06dd7178cb3384d27
generated: "2026-02-25T03:12:09.870492479Z"
